// !$*UTF8*$!
{
	archiveVersion = 1;
	classes = {
	};
	objectVersion = 50;
	objects = {

/* Begin PBXBuildFile section */
		39D4AC74255C7CE1009E2506 /* AppDelegate.swift in Sources */ = {isa = PBXBuildFile; fileRef = 39D4AC73255C7CE1009E2506 /* AppDelegate.swift */; };
		39D4AC76255C7CE1009E2506 /* SceneDelegate.swift in Sources */ = {isa = PBXBuildFile; fileRef = 39D4AC75255C7CE1009E2506 /* SceneDelegate.swift */; };
		39D4AC78255C7CE1009E2506 /* ViewController.swift in Sources */ = {isa = PBXBuildFile; fileRef = 39D4AC77255C7CE1009E2506 /* ViewController.swift */; };
		39D4AC7B255C7CE1009E2506 /* Main.storyboard in Resources */ = {isa = PBXBuildFile; fileRef = 39D4AC79255C7CE1009E2506 /* Main.storyboard */; };
		39D4AC7D255C7CE2009E2506 /* Assets.xcassets in Resources */ = {isa = PBXBuildFile; fileRef = 39D4AC7C255C7CE2009E2506 /* Assets.xcassets */; };
		39D4AC80255C7CE2009E2506 /* LaunchScreen.storyboard in Resources */ = {isa = PBXBuildFile; fileRef = 39D4AC7E255C7CE2009E2506 /* LaunchScreen.storyboard */; };
/* End PBXBuildFile section */

/* Begin PBXFileReference section */
		39D4AC70255C7CE1009E2506 /* GitHubTesting.app */ = {isa = PBXFileReference; explicitFileType = wrapper.application; includeInIndex = 0; path = GitHubTesting.app; sourceTree = BUILT_PRODUCTS_DIR; };
		39D4AC73255C7CE1009E2506 /* AppDelegate.swift */ = {isa = PBXFileReference; lastKnownFileType = sourcecode.swift; path = AppDelegate.swift; sourceTree = "<group>"; };
		39D4AC75255C7CE1009E2506 /* SceneDelegate.swift */ = {isa = PBXFileReference; lastKnownFileType = sourcecode.swift; path = SceneDelegate.swift; sourceTree = "<group>"; };
		39D4AC77255C7CE1009E2506 /* ViewController.swift */ = {isa = PBXFileReference; lastKnownFileType = sourcecode.swift; path = ViewController.swift; sourceTree = "<group>"; };
		39D4AC7A255C7CE1009E2506 /* Base */ = {isa = PBXFileReference; lastKnownFileType = file.storyboard; name = Base; path = Base.lproj/Main.storyboard; sourceTree = "<group>"; };
		39D4AC7C255C7CE2009E2506 /* Assets.xcassets */ = {isa = PBXFileReference; lastKnownFileType = folder.assetcatalog; path = Assets.xcassets; sourceTree = "<group>"; };
		39D4AC7F255C7CE2009E2506 /* Base */ = {isa = PBXFileReference; lastKnownFileType = file.storyboard; name = Base; path = Base.lproj/LaunchScreen.storyboard; sourceTree = "<group>"; };
		39D4AC81255C7CE2009E2506 /* Info.plist */ = {isa = PBXFileReference; lastKnownFileType = text.plist.xml; path = Info.plist; sourceTree = "<group>"; };
/* End PBXFileReference section */

/* Begin PBXFrameworksBuildPhase section */
		39D4AC6D255C7CE1009E2506 /* Frameworks */ = {
			isa = PBXFrameworksBuildPhase;
			buildActionMask = 2147483647;
			files = (
			);
			runOnlyForDeploymentPostprocessing = 0;
		};
/* End PBXFrameworksBuildPhase section */

/* Begin PBXGroup section */
		39D4AC67255C7CE1009E2506 = {
			isa = PBXGroup;
			children = (
				39D4AC72255C7CE1009E2506 /* GitHubTesting */,
				39D4AC71255C7CE1009E2506 /* Products */,
			);
			sourceTree = "<group>";
		};
		39D4AC71255C7CE1009E2506 /* Products */ = {
			isa = PBXGroup;
			children = (
				39D4AC70255C7CE1009E2506 /* GitHubTesting.app */,
			);
			name = Products;
			sourceTree = "<group>";
		};
		39D4AC72255C7CE1009E2506 /* GitHubTesting */ = {
			isa = PBXGroup;
			children = (
				39D4AC73255C7CE1009E2506 /* AppDelegate.swift */,
				39D4AC75255C7CE1009E2506 /* SceneDelegate.swift */,
				39D4AC77255C7CE1009E2506 /* ViewController.swift */,
				39D4AC79255C7CE1009E2506 /* Main.storyboard */,
				39D4AC7C255C7CE2009E2506 /* Assets.xcassets */,
				39D4AC7E255C7CE2009E2506 /* LaunchScreen.storyboard */,
				39D4AC81255C7CE2009E2506 /* Info.plist */,
			);
			path = GitHubTesting;
			sourceTree = "<group>";
		};
/* End PBXGroup section */

/* Begin PBXNativeTarget section */
		39D4AC6F255C7CE1009E2506 /* GitHubTesting */ = {
			isa = PBXNativeTarget;
			buildConfigurationList = 39D4AC84255C7CE2009E2506 /* Build configuration list for PBXNativeTarget "GitHubTesting" */;
			buildPhases = (
				39D4AC6C255C7CE1009E2506 /* Sources */,
				39D4AC6D255C7CE1009E2506 /* Frameworks */,
				39D4AC6E255C7CE1009E2506 /* Resources */,
			);
			buildRules = (
			);
			dependencies = (
			);
			name = GitHubTesting;
			productName = GitHubTesting;
			productReference = 39D4AC70255C7CE1009E2506 /* GitHubTesting.app */;
			productType = "com.apple.product-type.application";
		};
/* End PBXNativeTarget section */

/* Begin PBXProject section */
		39D4AC68255C7CE1009E2506 /* Project object */ = {
			isa = PBXProject;
			attributes = {
				LastSwiftUpdateCheck = 1130;
				LastUpgradeCheck = 1130;
				ORGANIZATIONNAME = user177202;
				TargetAttributes = {
					39D4AC6F255C7CE1009E2506 = {
						CreatedOnToolsVersion = 11.3.1;
					};
				};
			};
			buildConfigurationList = 39D4AC6B255C7CE1009E2506 /* Build configuration list for PBXProject "GitHubTesting" */;
			compatibilityVersion = "Xcode 9.3";
			developmentRegion = en;
			hasScannedForEncodings = 0;
			knownRegions = (
				en,
				Base,
			);
			mainGroup = 39D4AC67255C7CE1009E2506;
			productRefGroup = 39D4AC71255C7CE1009E2506 /* Products */;
			projectDirPath = "";
			projectRoot = "";
			targets = (
				39D4AC6F255C7CE1009E2506 /* GitHubTesting */,
			);
		};
/* End PBXProject section */

/* Begin PBXResourcesBuildPhase section */
		39D4AC6E255C7CE1009E2506 /* Resources */ = {
			isa = PBXResourcesBuildPhase;
			buildActionMask = 2147483647;
			files = (
				39D4AC80255C7CE2009E2506 /* LaunchScreen.storyboard in Resources */,
				39D4AC7D255C7CE2009E2506 /* Assets.xcassets in Resources */,
				39D4AC7B255C7CE1009E2506 /* Main.storyboard in Resources */,
			);
			runOnlyForDeploymentPostprocessing = 0;
		};
/* End PBXResourcesBuildPhase section */

/* Begin PBXSourcesBuildPhase section */
		39D4AC6C255C7CE1009E2506 /* Sources */ = {
			isa = PBXSourcesBuildPhase;
			buildActionMask = 2147483647;
			files = (
				39D4AC78255C7CE1009E2506 /* ViewController.swift in Sources */,
				39D4AC74255C7CE1009E2506 /* AppDelegate.swift in Sources */,
				39D4AC76255C7CE1009E2506 /* SceneDelegate.swift in Sources */,
			);
			runOnlyForDeploymentPostprocessing = 0;
		};
/* End PBXSourcesBuildPhase section */

/* Begin PBXVariantGroup section */
		39D4AC79255C7CE1009E2506 /* Main.storyboard */ = {
			isa = PBXVariantGroup;
			children = (
				39D4AC7A255C7CE1009E2506 /* Base */,
			);
			name = Main.storyboard;
			sourceTree = "<group>";
		};
		39D4AC7E255C7CE2009E2506 /* LaunchScreen.storyboard */ = {
			isa = PBXVariantGroup;
			children = (
				39D4AC7F255C7CE2009E2506 /* Base */,
			);
			name = LaunchScreen.storyboard;
			sourceTree = "<group>";
		};
/* End PBXVariantGroup section */

/* Begin XCBuildConfiguration section */
		39D4AC82255C7CE2009E2506 /* Debug */ = {
			isa = XCBuildConfiguration;
			buildSettings = {
				ALWAYS_SEARCH_USER_PATHS = NO;
				CLANG_ANALYZER_NONNULL = YES;
				CLANG_ANALYZER_NUMBER_OBJECT_CONVERSION = YES_AGGRESSIVE;
				CLANG_CXX_LANGUAGE_STANDARD = "gnu++14";
				CLANG_CXX_LIBRARY = "libc++";
				CLANG_ENABLE_MODULES = YES;
				CLANG_ENABLE_OBJC_ARC = YES;
				CLANG_ENABLE_OBJC_WEAK = YES;
				CLANG_WARN_BLOCK_CAPTURE_AUTORELEASING = YES;
				CLANG_WARN_BOOL_CONVERSION = YES;
				CLANG_WARN_COMMA = YES;
				CLANG_WARN_CONSTANT_CONVERSION = YES;
				CLANG_WARN_DEPRECATED_OBJC_IMPLEMENTATIONS = YES;
				CLANG_WARN_DIRECT_OBJC_ISA_USAGE = YES_ERROR;
				CLANG_WARN_DOCUMENTATION_COMMENTS = YES;
				CLANG_WARN_EMPTY_BODY = YES;
				CLANG_WARN_ENUM_CONVERSION = YES;
				CLANG_WARN_INFINITE_RECURSION = YES;
				CLANG_WARN_INT_CONVERSION = YES;
				CLANG_WARN_NON_LITERAL_NULL_CONVERSION = YES;
				CLANG_WARN_OBJC_IMPLICIT_RETAIN_SELF = YES;
				CLANG_WARN_OBJC_LITERAL_CONVERSION = YES;
				CLANG_WARN_OBJC_ROOT_CLASS = YES_ERROR;
				CLANG_WARN_RANGE_LOOP_ANALYSIS = YES;
				CLANG_WARN_STRICT_PROTOTYPES = YES;
				CLANG_WARN_SUSPICIOUS_MOVE = YES;
				CLANG_WARN_UNGUARDED_AVAILABILITY = YES_AGGRESSIVE;
				CLANG_WARN_UNREACHABLE_CODE = YES;
				CLANG_WARN__DUPLICATE_METHOD_MATCH = YES;
				COPY_PHASE_STRIP = NO;
				DEBUG_INFORMATION_FORMAT = dwarf;
				ENABLE_STRICT_OBJC_MSGSEND = YES;
				ENABLE_TESTABILITY = YES;
				GCC_C_LANGUAGE_STANDARD = gnu11;
				GCC_DYNAMIC_NO_PIC = NO;
				GCC_NO_COMMON_BLOCKS = YES;
				GCC_OPTIMIZATION_LEVEL = 0;
				GCC_PREPROCESSOR_DEFINITIONS = (
					"DEBUG=1",
					"$(inherited)",
				);
				GCC_WARN_64_TO_32_BIT_CONVERSION = YES;
				GCC_WARN_ABOUT_RETURN_TYPE = YES_ERROR;
				GCC_WARN_UNDECLARED_SELECTOR = YES;
				GCC_WARN_UNINITIALIZED_AUTOS = YES_AGGRESSIVE;
				GCC_WARN_UNUSED_FUNCTION = YES;
				GCC_WARN_UNUSED_VARIABLE = YES;
				IPHONEOS_DEPLOYMENT_TARGET = 13.2;
				MTL_ENABLE_DEBUG_INFO = INCLUDE_SOURCE;
				MTL_FAST_MATH = YES;
				ONLY_ACTIVE_ARCH = YES;
				SDKROOT = iphoneos;
				SWIFT_ACTIVE_COMPILATION_CONDITIONS = DEBUG;
				SWIFT_OPTIMIZATION_LEVEL = "-Onone";
			};
			name = Debug;
		};
		39D4AC83255C7CE2009E2506 /* Release */ = {
			isa = XCBuildConfiguration;
			buildSettings = {
				ALWAYS_SEARCH_USER_PATHS = NO;
				CLANG_ANALYZER_NONNULL = YES;
				CLANG_ANALYZER_NUMBER_OBJECT_CONVERSION = YES_AGGRESSIVE;
				CLANG_CXX_LANGUAGE_STANDARD = "gnu++14";
				CLANG_CXX_LIBRARY = "libc++";
				CLANG_ENABLE_MODULES = YES;
				CLANG_ENABLE_OBJC_ARC = YES;
				CLANG_ENABLE_OBJC_WEAK = YES;
				CLANG_WARN_BLOCK_CAPTURE_AUTORELEASING = YES;
				CLANG_WARN_BOOL_CONVERSION = YES;
				CLANG_WARN_COMMA = YES;
				CLANG_WARN_CONSTANT_CONVERSION = YES;
				CLANG_WARN_DEPRECATED_OBJC_IMPLEMENTATIONS = YES;
				CLANG_WARN_DIRECT_OBJC_ISA_USAGE = YES_ERROR;
				CLANG_WARN_DOCUMENTATION_COMMENTS = YES;
				CLANG_WARN_EMPTY_BODY = YES;
				CLANG_WARN_ENUM_CONVERSION = YES;
				CLANG_WARN_INFINITE_RECURSION = YES;
				CLANG_WARN_INT_CONVERSION = YES;
				CLANG_WARN_NON_LITERAL_NULL_CONVERSION = YES;
				CLANG_WARN_OBJC_IMPLICIT_RETAIN_SELF = YES;
				CLANG_WARN_OBJC_LITERAL_CONVERSION = YES;
				CLANG_WARN_OBJC_ROOT_CLASS = YES_ERROR;
				CLANG_WARN_RANGE_LOOP_ANALYSIS = YES;
				CLANG_WARN_STRICT_PROTOTYPES = YES;
				CLANG_WARN_SUSPICIOUS_MOVE = YES;
				CLANG_WARN_UNGUARDED_AVAILABILITY = YES_AGGRESSIVE;
				CLANG_WARN_UNREACHABLE_CODE = YES;
				CLANG_WARN__DUPLICATE_METHOD_MATCH = YES;
				COPY_PHASE_STRIP = NO;
				DEBUG_INFORMATION_FORMAT = "dwarf-with-dsym";
				ENABLE_NS_ASSERTIONS = NO;
				ENABLE_STRICT_OBJC_MSGSEND = YES;
				GCC_C_LANGUAGE_STANDARD = gnu11;
				GCC_NO_COMMON_BLOCKS = YES;
				GCC_WARN_64_TO_32_BIT_CONVERSION = YES;
				GCC_WARN_ABOUT_RETURN_TYPE = YES_ERROR;
				GCC_WARN_UNDECLARED_SELECTOR = YES;
				GCC_WARN_UNINITIALIZED_AUTOS = YES_AGGRESSIVE;
				GCC_WARN_UNUSED_FUNCTION = YES;
				GCC_WARN_UNUSED_VARIABLE = YES;
				IPHONEOS_DEPLOYMENT_TARGET = 13.2;
				MTL_ENABLE_DEBUG_INFO = NO;
				MTL_FAST_MATH = YES;
				SDKROOT = iphoneos;
				SWIFT_COMPILATION_MODE = wholemodule;
				SWIFT_OPTIMIZATION_LEVEL = "-O";
				VALIDATE_PRODUCT = YES;
			};
			name = Release;
		};
		39D4AC85255C7CE2009E2506 /* Debug */ = {
			isa = XCBuildConfiguration;
			buildSettings = {
				ASSETCATALOG_COMPILER_APPICON_NAME = AppIcon;
				CODE_SIGN_STYLE = Automatic;
				INFOPLIST_FILE = GitHubTesting/Info.plist;
				LD_RUNPATH_SEARCH_PATHS = (
					"$(inherited)",
					"@executable_path/Frameworks",
				);
				PRODUCT_BUNDLE_IDENTIFIER = "-037.GitHubTesting";
				PRODUCT_NAME = "$(TARGET_NAME)";
				SWIFT_VERSION = 5.0;
				TARGETED_DEVICE_FAMILY = "1,2";
			};
			name = Debug;
		};
		39D4AC86255C7CE2009E2506 /* Release */ = {
			isa = XCBuildConfiguration;
			buildSettings = {
				ASSETCATALOG_COMPILER_APPICON_NAME = AppIcon;
				CODE_SIGN_STYLE = Automatic;
				INFOPLIST_FILE = GitHubTesting/Info.plist;
				LD_RUNPATH_SEARCH_PATHS = (
					"$(inherited)",
					"@executable_path/Frameworks",
				);
				PRODUCT_BUNDLE_IDENTIFIER = "-037.GitHubTesting";
				PRODUCT_NAME = "$(TARGET_NAME)";
				SWIFT_VERSION = 5.0;
				TARGETED_DEVICE_FAMILY = "1,2";
			};
			name = Release;
		};
/* End XCBuildConfiguration section */

/* Begin XCConfigurationList section */
		39D4AC6B255C7CE1009E2506 /* Build configuration list for PBXProject "GitHubTesting" */ = {
			isa = XCConfigurationList;
			buildConfigurations = (
				39D4AC82255C7CE2009E2506 /* Debug */,
				39D4AC83255C7CE2009E2506 /* Release */,
			);
			defaultConfigurationIsVisible = 0;
			defaultConfigurationName = Release;
		};
		39D4AC84255C7CE2009E2506 /* Build configuration list for PBXNativeTarget "GitHubTesting" */ = {
			isa = XCConfigurationList;
			buildConfigurations = (
				39D4AC85255C7CE2009E2506 /* Debug */,
				39D4AC86255C7CE2009E2506 /* Release */,
			);
			defaultConfigurationIsVisible = 0;
			defaultConfigurationName = Release;
		};
/* End XCConfigurationList section */
	};
	rootObject = 39D4AC68255C7CE1009E2506 /* Project object */;
}
